// !$*UTF8*$!
{
	archiveVersion = 1;
	classes = {
	};
	objectVersion = 50;
	objects = {

/* Begin PBXBuildFile section */
		EF25538C26AD6F3F00862FFD /* TabBarController.swift in Sources */ = {isa = PBXBuildFile; fileRef = EF25538B26AD6F3F00862FFD /* TabBarController.swift */; };
		EF25538E26AD6F7A00862FFD /* InfoViewController.swift in Sources */ = {isa = PBXBuildFile; fileRef = EF25538D26AD6F7A00862FFD /* InfoViewController.swift */; };
		EF25539026AD6FA900862FFD /* HabitsViewController.swift in Sources */ = {isa = PBXBuildFile; fileRef = EF25538F26AD6FA900862FFD /* HabitsViewController.swift */; };
		EF29067B2B6652EF00A250ED /* HabitsViewPresenter.swift in Sources */ = {isa = PBXBuildFile; fileRef = EF29067A2B6652EF00A250ED /* HabitsViewPresenter.swift */; };
		EF3E3D3D26AEA7B400E4B48C /* InfoText.swift in Sources */ = {isa = PBXBuildFile; fileRef = EF3E3D3C26AEA7B400E4B48C /* InfoText.swift */; };
		EF3E3D4626B0567800E4B48C /* UIViewExtension.swift in Sources */ = {isa = PBXBuildFile; fileRef = EF3E3D4526B0567800E4B48C /* UIViewExtension.swift */; };
		EF3E3D4F26B05BCF00E4B48C /* EditHabitViewController .swift in Sources */ = {isa = PBXBuildFile; fileRef = EF3E3D4E26B05BCF00E4B48C /* EditHabitViewController .swift */; };
		EF3E3D5126B3D48C00E4B48C /* Colors.swift in Sources */ = {isa = PBXBuildFile; fileRef = EF3E3D5026B3D48C00E4B48C /* Colors.swift */; };
		EF3E3D5426B932F600E4B48C /* ProgressCollectionViewCell.swift in Sources */ = {isa = PBXBuildFile; fileRef = EF3E3D5326B932F600E4B48C /* ProgressCollectionViewCell.swift */; };
		EF3E3D5626B9330B00E4B48C /* HabitCollectionViewCell.swift in Sources */ = {isa = PBXBuildFile; fileRef = EF3E3D5526B9330B00E4B48C /* HabitCollectionViewCell.swift */; };
		EF3E3D5A26BA877100E4B48C /* HabitDetailsViewController.swift in Sources */ = {isa = PBXBuildFile; fileRef = EF3E3D5926BA877100E4B48C /* HabitDetailsViewController.swift */; };
		EF3E3D5C26BADBB600E4B48C /* Fonts.swift in Sources */ = {isa = PBXBuildFile; fileRef = EF3E3D5B26BADBB600E4B48C /* Fonts.swift */; };
		EF4BCCB726AD46A700E276AA /* HabitsStore.swift in Sources */ = {isa = PBXBuildFile; fileRef = EF4BCCB626AD46A700E276AA /* HabitsStore.swift */; };
		EFF0940726AD3A570012943B /* AppDelegate.swift in Sources */ = {isa = PBXBuildFile; fileRef = EFF0940626AD3A570012943B /* AppDelegate.swift */; };
		EFF0940926AD3A570012943B /* SceneDelegate.swift in Sources */ = {isa = PBXBuildFile; fileRef = EFF0940826AD3A570012943B /* SceneDelegate.swift */; };
		EFF0941026AD3A580012943B /* Assets.xcassets in Resources */ = {isa = PBXBuildFile; fileRef = EFF0940F26AD3A580012943B /* Assets.xcassets */; };
		EFF0941326AD3A580012943B /* LaunchScreen.storyboard in Resources */ = {isa = PBXBuildFile; fileRef = EFF0941126AD3A580012943B /* LaunchScreen.storyboard */; };
/* End PBXBuildFile section */

/* Begin PBXFileReference section */
		EF25538B26AD6F3F00862FFD /* TabBarController.swift */ = {isa = PBXFileReference; lastKnownFileType = sourcecode.swift; path = TabBarController.swift; sourceTree = "<group>"; };
		EF25538D26AD6F7A00862FFD /* InfoViewController.swift */ = {isa = PBXFileReference; lastKnownFileType = sourcecode.swift; path = InfoViewController.swift; sourceTree = "<group>"; };
		EF25538F26AD6FA900862FFD /* HabitsViewController.swift */ = {isa = PBXFileReference; lastKnownFileType = sourcecode.swift; path = HabitsViewController.swift; sourceTree = "<group>"; };
		EF29067A2B6652EF00A250ED /* HabitsViewPresenter.swift */ = {isa = PBXFileReference; lastKnownFileType = sourcecode.swift; path = HabitsViewPresenter.swift; sourceTree = "<group>"; };
		EF3E3D3C26AEA7B400E4B48C /* InfoText.swift */ = {isa = PBXFileReference; lastKnownFileType = sourcecode.swift; path = InfoText.swift; sourceTree = "<group>"; };
		EF3E3D4526B0567800E4B48C /* UIViewExtension.swift */ = {isa = PBXFileReference; lastKnownFileType = sourcecode.swift; path = UIViewExtension.swift; sourceTree = "<group>"; };
		EF3E3D4E26B05BCF00E4B48C /* EditHabitViewController .swift */ = {isa = PBXFileReference; lastKnownFileType = sourcecode.swift; path = "EditHabitViewController .swift"; sourceTree = "<group>"; };
		EF3E3D5026B3D48C00E4B48C /* Colors.swift */ = {isa = PBXFileReference; lastKnownFileType = sourcecode.swift; path = Colors.swift; sourceTree = "<group>"; };
		EF3E3D5326B932F600E4B48C /* ProgressCollectionViewCell.swift */ = {isa = PBXFileReference; lastKnownFileType = sourcecode.swift; path = ProgressCollectionViewCell.swift; sourceTree = "<group>"; };
		EF3E3D5526B9330B00E4B48C /* HabitCollectionViewCell.swift */ = {isa = PBXFileReference; lastKnownFileType = sourcecode.swift; path = HabitCollectionViewCell.swift; sourceTree = "<group>"; };
		EF3E3D5926BA877100E4B48C /* HabitDetailsViewController.swift */ = {isa = PBXFileReference; lastKnownFileType = sourcecode.swift; path = HabitDetailsViewController.swift; sourceTree = "<group>"; };
		EF3E3D5B26BADBB600E4B48C /* Fonts.swift */ = {isa = PBXFileReference; lastKnownFileType = sourcecode.swift; path = Fonts.swift; sourceTree = "<group>"; };
		EF4BCCB626AD46A700E276AA /* HabitsStore.swift */ = {isa = PBXFileReference; lastKnownFileType = sourcecode.swift; path = HabitsStore.swift; sourceTree = "<group>"; };
		EFF0940326AD3A570012943B /* MyHabits.app */ = {isa = PBXFileReference; explicitFileType = wrapper.application; includeInIndex = 0; path = MyHabits.app; sourceTree = BUILT_PRODUCTS_DIR; };
		EFF0940626AD3A570012943B /* AppDelegate.swift */ = {isa = PBXFileReference; lastKnownFileType = sourcecode.swift; path = AppDelegate.swift; sourceTree = "<group>"; };
		EFF0940826AD3A570012943B /* SceneDelegate.swift */ = {isa = PBXFileReference; lastKnownFileType = sourcecode.swift; path = SceneDelegate.swift; sourceTree = "<group>"; };
		EFF0940F26AD3A580012943B /* Assets.xcassets */ = {isa = PBXFileReference; lastKnownFileType = folder.assetcatalog; path = Assets.xcassets; sourceTree = "<group>"; };
		EFF0941226AD3A580012943B /* Base */ = {isa = PBXFileReference; lastKnownFileType = file.storyboard; name = Base; path = Base.lproj/LaunchScreen.storyboard; sourceTree = "<group>"; };
		EFF0941426AD3A580012943B /* Info.plist */ = {isa = PBXFileReference; lastKnownFileType = text.plist.xml; path = Info.plist; sourceTree = "<group>"; };
/* End PBXFileReference section */

/* Begin PBXFrameworksBuildPhase section */
		EFF0940026AD3A570012943B /* Frameworks */ = {
			isa = PBXFrameworksBuildPhase;
			buildActionMask = 2147483647;
			files = (
			);
			runOnlyForDeploymentPostprocessing = 0;
		};
/* End PBXFrameworksBuildPhase section */

/* Begin PBXGroup section */
		EF3E3D4426B0565D00E4B48C /* Storage */ = {
			isa = PBXGroup;
			children = (
				EF4BCCB626AD46A700E276AA /* HabitsStore.swift */,
				EF3E3D3C26AEA7B400E4B48C /* InfoText.swift */,
				EF3E3D5026B3D48C00E4B48C /* Colors.swift */,
				EF3E3D5B26BADBB600E4B48C /* Fonts.swift */,
				EFF0940F26AD3A580012943B /* Assets.xcassets */,
			);
			path = Storage;
			sourceTree = "<group>";
		};
		EF3E3D4A26B0573300E4B48C /* ViewControllers */ = {
			isa = PBXGroup;
			children = (
				EF25538F26AD6FA900862FFD /* HabitsViewController.swift */,
				EF29067A2B6652EF00A250ED /* HabitsViewPresenter.swift */,
				EF3E3D4E26B05BCF00E4B48C /* EditHabitViewController .swift */,
				EF25538D26AD6F7A00862FFD /* InfoViewController.swift */,
				EF3E3D5926BA877100E4B48C /* HabitDetailsViewController.swift */,
			);
			path = ViewControllers;
			sourceTree = "<group>";
		};
		EF3E3D5226B9311200E4B48C /* HabitsTableViewCells */ = {
			isa = PBXGroup;
			children = (
				EF3E3D5326B932F600E4B48C /* ProgressCollectionViewCell.swift */,
				EF3E3D5526B9330B00E4B48C /* HabitCollectionViewCell.swift */,
			);
			path = HabitsTableViewCells;
			sourceTree = "<group>";
		};
		EF3E3D5726BA841A00E4B48C /* Extension */ = {
			isa = PBXGroup;
			children = (
				EF3E3D4526B0567800E4B48C /* UIViewExtension.swift */,
			);
			path = Extension;
			sourceTree = "<group>";
		};
		EF3E3D5826BA86BD00E4B48C /* Supporting */ = {
			isa = PBXGroup;
			children = (
				EFF0940626AD3A570012943B /* AppDelegate.swift */,
				EFF0940826AD3A570012943B /* SceneDelegate.swift */,
				EF25538B26AD6F3F00862FFD /* TabBarController.swift */,
			);
			path = Supporting;
			sourceTree = "<group>";
		};
		EFF093FA26AD3A570012943B = {
			isa = PBXGroup;
			children = (
				EFF0940526AD3A570012943B /* MyHabits */,
				EFF0940426AD3A570012943B /* Products */,
			);
			sourceTree = "<group>";
		};
		EFF0940426AD3A570012943B /* Products */ = {
			isa = PBXGroup;
			children = (
				EFF0940326AD3A570012943B /* MyHabits.app */,
			);
			name = Products;
			sourceTree = "<group>";
		};
		EFF0940526AD3A570012943B /* MyHabits */ = {
			isa = PBXGroup;
			children = (
				EF3E3D5826BA86BD00E4B48C /* Supporting */,
				EF3E3D5226B9311200E4B48C /* HabitsTableViewCells */,
				EF3E3D4A26B0573300E4B48C /* ViewControllers */,
				EF3E3D5726BA841A00E4B48C /* Extension */,
				EF3E3D4426B0565D00E4B48C /* Storage */,
				EFF0941126AD3A580012943B /* LaunchScreen.storyboard */,
				EFF0941426AD3A580012943B /* Info.plist */,
			);
			path = MyHabits;
			sourceTree = "<group>";
		};
/* End PBXGroup section */

/* Begin PBXNativeTarget section */
		EFF0940226AD3A570012943B /* MyHabits */ = {
			isa = PBXNativeTarget;
			buildConfigurationList = EFF0941726AD3A580012943B /* Build configuration list for PBXNativeTarget "MyHabits" */;
			buildPhases = (
				EFF093FF26AD3A570012943B /* Sources */,
				EFF0940026AD3A570012943B /* Frameworks */,
				EFF0940126AD3A570012943B /* Resources */,
			);
			buildRules = (
			);
			dependencies = (
			);
			name = MyHabits;
			productName = MyHabits;
			productReference = EFF0940326AD3A570012943B /* MyHabits.app */;
			productType = "com.apple.product-type.application";
		};
/* End PBXNativeTarget section */

/* Begin PBXProject section */
		EFF093FB26AD3A570012943B /* Project object */ = {
			isa = PBXProject;
			attributes = {
				LastSwiftUpdateCheck = 1250;
				LastUpgradeCheck = 1250;
				TargetAttributes = {
					EFF0940226AD3A570012943B = {
						CreatedOnToolsVersion = 12.5.1;
					};
				};
			};
			buildConfigurationList = EFF093FE26AD3A570012943B /* Build configuration list for PBXProject "MyHabits" */;
			compatibilityVersion = "Xcode 9.3";
			developmentRegion = en;
			hasScannedForEncodings = 0;
			knownRegions = (
				en,
				Base,
			);
			mainGroup = EFF093FA26AD3A570012943B;
			productRefGroup = EFF0940426AD3A570012943B /* Products */;
			projectDirPath = "";
			projectRoot = "";
			targets = (
				EFF0940226AD3A570012943B /* MyHabits */,
			);
		};
/* End PBXProject section */

/* Begin PBXResourcesBuildPhase section */
		EFF0940126AD3A570012943B /* Resources */ = {
			isa = PBXResourcesBuildPhase;
			buildActionMask = 2147483647;
			files = (
				EFF0941326AD3A580012943B /* LaunchScreen.storyboard in Resources */,
				EFF0941026AD3A580012943B /* Assets.xcassets in Resources */,
			);
			runOnlyForDeploymentPostprocessing = 0;
		};
/* End PBXResourcesBuildPhase section */

/* Begin PBXSourcesBuildPhase section */
		EFF093FF26AD3A570012943B /* Sources */ = {
			isa = PBXSourcesBuildPhase;
			buildActionMask = 2147483647;
			files = (
				EF3E3D5C26BADBB600E4B48C /* Fonts.swift in Sources */,
				EF3E3D5126B3D48C00E4B48C /* Colors.swift in Sources */,
				EF4BCCB726AD46A700E276AA /* HabitsStore.swift in Sources */,
				EF25539026AD6FA900862FFD /* HabitsViewController.swift in Sources */,
				EF25538E26AD6F7A00862FFD /* InfoViewController.swift in Sources */,
				EF25538C26AD6F3F00862FFD /* TabBarController.swift in Sources */,
				EF3E3D5626B9330B00E4B48C /* HabitCollectionViewCell.swift in Sources */,
				EF3E3D3D26AEA7B400E4B48C /* InfoText.swift in Sources */,
				EF3E3D4F26B05BCF00E4B48C /* EditHabitViewController .swift in Sources */,
				EF3E3D5426B932F600E4B48C /* ProgressCollectionViewCell.swift in Sources */,
				EF29067B2B6652EF00A250ED /* HabitsViewPresenter.swift in Sources */,
				EFF0940726AD3A570012943B /* AppDelegate.swift in Sources */,
				EFF0940926AD3A570012943B /* SceneDelegate.swift in Sources */,
				EF3E3D5A26BA877100E4B48C /* HabitDetailsViewController.swift in Sources */,
				EF3E3D4626B0567800E4B48C /* UIViewExtension.swift in Sources */,
			);
			runOnlyForDeploymentPostprocessing = 0;
		};
/* End PBXSourcesBuildPhase section */

/* Begin PBXVariantGroup section */
		EFF0941126AD3A580012943B /* LaunchScreen.storyboard */ = {
			isa = PBXVariantGroup;
			children = (
				EFF0941226AD3A580012943B /* Base */,
			);
			name = LaunchScreen.storyboard;
			sourceTree = "<group>";
		};
/* End PBXVariantGroup section */

/* Begin XCBuildConfiguration section */
		EFF0941526AD3A580012943B /* Debug */ = {
			isa = XCBuildConfiguration;
			buildSettings = {
				ALWAYS_SEARCH_USER_PATHS = NO;
				CLANG_ANALYZER_NONNULL = YES;
				CLANG_ANALYZER_NUMBER_OBJECT_CONVERSION = YES_AGGRESSIVE;
				CLANG_CXX_LANGUAGE_STANDARD = "gnu++14";
				CLANG_CXX_LIBRARY = "libc++";
				CLANG_ENABLE_MODULES = YES;
				CLANG_ENABLE_OBJC_ARC = YES;
				CLANG_ENABLE_OBJC_WEAK = YES;
				CLANG_WARN_BLOCK_CAPTURE_AUTORELEASING = YES;
				CLANG_WARN_BOOL_CONVERSION = YES;
				CLANG_WARN_COMMA = YES;
				CLANG_WARN_CONSTANT_CONVERSION = YES;
				CLANG_WARN_DEPRECATED_OBJC_IMPLEMENTATIONS = YES;
				CLANG_WARN_DIRECT_OBJC_ISA_USAGE = YES_ERROR;
				CLANG_WARN_DOCUMENTATION_COMMENTS = YES;
				CLANG_WARN_EMPTY_BODY = YES;
				CLANG_WARN_ENUM_CONVERSION = YES;
				CLANG_WARN_INFINITE_RECURSION = YES;
				CLANG_WARN_INT_CONVERSION = YES;
				CLANG_WARN_NON_LITERAL_NULL_CONVERSION = YES;
				CLANG_WARN_OBJC_IMPLICIT_RETAIN_SELF = YES;
				CLANG_WARN_OBJC_LITERAL_CONVERSION = YES;
				CLANG_WARN_OBJC_ROOT_CLASS = YES_ERROR;
				CLANG_WARN_QUOTED_INCLUDE_IN_FRAMEWORK_HEADER = YES;
				CLANG_WARN_RANGE_LOOP_ANALYSIS = YES;
				CLANG_WARN_STRICT_PROTOTYPES = YES;
				CLANG_WARN_SUSPICIOUS_MOVE = YES;
				CLANG_WARN_UNGUARDED_AVAILABILITY = YES_AGGRESSIVE;
				CLANG_WARN_UNREACHABLE_CODE = YES;
				CLANG_WARN__DUPLICATE_METHOD_MATCH = YES;
				COPY_PHASE_STRIP = NO;
				DEBUG_INFORMATION_FORMAT = dwarf;
				ENABLE_STRICT_OBJC_MSGSEND = YES;
				ENABLE_TESTABILITY = YES;
				GCC_C_LANGUAGE_STANDARD = gnu11;
				GCC_DYNAMIC_NO_PIC = NO;
				GCC_NO_COMMON_BLOCKS = YES;
				GCC_OPTIMIZATION_LEVEL = 0;
				GCC_PREPROCESSOR_DEFINITIONS = (
					"DEBUG=1",
					"$(inherited)",
				);
				GCC_WARN_64_TO_32_BIT_CONVERSION = YES;
				GCC_WARN_ABOUT_RETURN_TYPE = YES_ERROR;
				GCC_WARN_UNDECLARED_SELECTOR = YES;
				GCC_WARN_UNINITIALIZED_AUTOS = YES_AGGRESSIVE;
				GCC_WARN_UNUSED_FUNCTION = YES;
				GCC_WARN_UNUSED_VARIABLE = YES;
				IPHONEOS_DEPLOYMENT_TARGET = 14.5;
				MTL_ENABLE_DEBUG_INFO = INCLUDE_SOURCE;
				MTL_FAST_MATH = YES;
				ONLY_ACTIVE_ARCH = YES;
				SDKROOT = iphoneos;
				SWIFT_ACTIVE_COMPILATION_CONDITIONS = DEBUG;
				SWIFT_OPTIMIZATION_LEVEL = "-Onone";
			};
			name = Debug;
		};
		EFF0941626AD3A580012943B /* Release */ = {
			isa = XCBuildConfiguration;
			buildSettings = {
				ALWAYS_SEARCH_USER_PATHS = NO;
				CLANG_ANALYZER_NONNULL = YES;
				CLANG_ANALYZER_NUMBER_OBJECT_CONVERSION = YES_AGGRESSIVE;
				CLANG_CXX_LANGUAGE_STANDARD = "gnu++14";
				CLANG_CXX_LIBRARY = "libc++";
				CLANG_ENABLE_MODULES = YES;
				CLANG_ENABLE_OBJC_ARC = YES;
				CLANG_ENABLE_OBJC_WEAK = YES;
				CLANG_WARN_BLOCK_CAPTURE_AUTORELEASING = YES;
				CLANG_WARN_BOOL_CONVERSION = YES;
				CLANG_WARN_COMMA = YES;
				CLANG_WARN_CONSTANT_CONVERSION = YES;
				CLANG_WARN_DEPRECATED_OBJC_IMPLEMENTATIONS = YES;
				CLANG_WARN_DIRECT_OBJC_ISA_USAGE = YES_ERROR;
				CLANG_WARN_DOCUMENTATION_COMMENTS = YES;
				CLANG_WARN_EMPTY_BODY = YES;
				CLANG_WARN_ENUM_CONVERSION = YES;
				CLANG_WARN_INFINITE_RECURSION = YES;
				CLANG_WARN_INT_CONVERSION = YES;
				CLANG_WARN_NON_LITERAL_NULL_CONVERSION = YES;
				CLANG_WARN_OBJC_IMPLICIT_RETAIN_SELF = YES;
				CLANG_WARN_OBJC_LITERAL_CONVERSION = YES;
				CLANG_WARN_OBJC_ROOT_CLASS = YES_ERROR;
				CLANG_WARN_QUOTED_INCLUDE_IN_FRAMEWORK_HEADER = YES;
				CLANG_WARN_RANGE_LOOP_ANALYSIS = YES;
				CLANG_WARN_STRICT_PROTOTYPES = YES;
				CLANG_WARN_SUSPICIOUS_MOVE = YES;
				CLANG_WARN_UNGUARDED_AVAILABILITY = YES_AGGRESSIVE;
				CLANG_WARN_UNREACHABLE_CODE = YES;
				CLANG_WARN__DUPLICATE_METHOD_MATCH = YES;
				COPY_PHASE_STRIP = NO;
				DEBUG_INFORMATION_FORMAT = "dwarf-with-dsym";
				ENABLE_NS_ASSERTIONS = NO;
				ENABLE_STRICT_OBJC_MSGSEND = YES;
				GCC_C_LANGUAGE_STANDARD = gnu11;
				GCC_NO_COMMON_BLOCKS = YES;
				GCC_WARN_64_TO_32_BIT_CONVERSION = YES;
				GCC_WARN_ABOUT_RETURN_TYPE = YES_ERROR;
				GCC_WARN_UNDECLARED_SELECTOR = YES;
				GCC_WARN_UNINITIALIZED_AUTOS = YES_AGGRESSIVE;
				GCC_WARN_UNUSED_FUNCTION = YES;
				GCC_WARN_UNUSED_VARIABLE = YES;
				IPHONEOS_DEPLOYMENT_TARGET = 14.5;
				MTL_ENABLE_DEBUG_INFO = NO;
				MTL_FAST_MATH = YES;
				SDKROOT = iphoneos;
				SWIFT_COMPILATION_MODE = wholemodule;
				SWIFT_OPTIMIZATION_LEVEL = "-O";
				VALIDATE_PRODUCT = YES;
			};
			name = Release;
		};
		EFF0941826AD3A580012943B /* Debug */ = {
			isa = XCBuildConfiguration;
			buildSettings = {
				ASSETCATALOG_COMPILER_APPICON_NAME = AppIcon;
				ASSETCATALOG_COMPILER_GLOBAL_ACCENT_COLOR_NAME = AccentColor;
				CODE_SIGN_STYLE = Automatic;
				DEVELOPMENT_TEAM = A38548G3Y3;
				INFOPLIST_FILE = MyHabits/Info.plist;
				LD_RUNPATH_SEARCH_PATHS = (
					"$(inherited)",
					"@executable_path/Frameworks",
				);
				PRODUCT_BUNDLE_IDENTIFIER = com.idontknowwhatimdoing.MyHabits;
				PRODUCT_NAME = "$(TARGET_NAME)";
				SWIFT_VERSION = 5.0;
				TARGETED_DEVICE_FAMILY = "1,2";
			};
			name = Debug;
		};
		EFF0941926AD3A580012943B /* Release */ = {
			isa = XCBuildConfiguration;
			buildSettings = {
				ASSETCATALOG_COMPILER_APPICON_NAME = AppIcon;
				ASSETCATALOG_COMPILER_GLOBAL_ACCENT_COLOR_NAME = AccentColor;
				CODE_SIGN_STYLE = Automatic;
				DEVELOPMENT_TEAM = A38548G3Y3;
				INFOPLIST_FILE = MyHabits/Info.plist;
				LD_RUNPATH_SEARCH_PATHS = (
					"$(inherited)",
					"@executable_path/Frameworks",
				);
				PRODUCT_BUNDLE_IDENTIFIER = com.idontknowwhatimdoing.MyHabits;
				PRODUCT_NAME = "$(TARGET_NAME)";
				SWIFT_VERSION = 5.0;
				TARGETED_DEVICE_FAMILY = "1,2";
			};
			name = Release;
		};
/* End XCBuildConfiguration section */

/* Begin XCConfigurationList section */
		EFF093FE26AD3A570012943B /* Build configuration list for PBXProject "MyHabits" */ = {
			isa = XCConfigurationList;
			buildConfigurations = (
				EFF0941526AD3A580012943B /* Debug */,
				EFF0941626AD3A580012943B /* Release */,
			);
			defaultConfigurationIsVisible = 0;
			defaultConfigurationName = Release;
		};
		EFF0941726AD3A580012943B /* Build configuration list for PBXNativeTarget "MyHabits" */ = {
			isa = XCConfigurationList;
			buildConfigurations = (
				EFF0941826AD3A580012943B /* Debug */,
				EFF0941926AD3A580012943B /* Release */,
			);
			defaultConfigurationIsVisible = 0;
			defaultConfigurationName = Release;
		};
/* End XCConfigurationList section */
	};
	rootObject = EFF093FB26AD3A570012943B /* Project object */;
}
